
Microsoft Visual Studio Solution File, Format Version 12.00
# Visual Studio Version 16
VisualStudioVersion = 16.0.29519.87
MinimumVisualStudioVersion = 15.0.26124.0
Project("{9A19103F-16F7-4668-BE54-9A1E7A4F7556}") = "CsLexerRepl", "CsLexerRepl\CsLexerRepl.csproj", "{23B3624D-9D11-4302-9339-EFD19A1B4523}"
EndProject
Project("{9A19103F-16F7-4668-BE54-9A1E7A4F7556}") = "GpLexerRepl", "GpLexerRepl\GpLexerRepl.csproj", "{AB09BC90-B23D-4ABD-B039-C5A18FF522F6}"
EndProject
Global
	GlobalSection(SolutionConfigurationPlatforms) = preSolution
		Debug|Any CPU = Debug|Any CPU
		Debug|x64 = Debug|x64
		Debug|x86 = Debug|x86
		Release|Any CPU = Release|Any CPU
		Release|x64 = Release|x64
		Release|x86 = Release|x86
	EndGlobalSection
	GlobalSection(ProjectConfigurationPlatforms) = postSolution
		{23B3624D-9D11-4302-9339-EFD19A1B4523}.Debug|Any CPU.ActiveCfg = Debug|Any CPU
		{23B3624D-9D11-4302-9339-EFD19A1B4523}.Debug|Any CPU.Build.0 = Debug|Any CPU
		{23B3624D-9D11-4302-9339-EFD19A1B4523}.Debug|x64.ActiveCfg = Debug|Any CPU
		{23B3624D-9D11-4302-9339-EFD19A1B4523}.Debug|x64.Build.0 = Debug|Any CPU
		{23B3624D-9D11-4302-9339-EFD19A1B4523}.Debug|x86.ActiveCfg = Debug|Any CPU
		{23B3624D-9D11-4302-9339-EFD19A1B4523}.Debug|x86.Build.0 = Debug|Any CPU
		{23B3624D-9D11-4302-9339-EFD19A1B4523}.Release|Any CPU.ActiveCfg = Release|Any CPU
		{23B3624D-9D11-4302-9339-EFD19A1B4523}.Release|Any CPU.Build.0 = Release|Any CPU
		{23B3624D-9D11-4302-9339-EFD19A1B4523}.Release|x64.ActiveCfg = Release|Any CPU
		{23B3624D-9D11-4302-9339-EFD19A1B4523}.Release|x64.Build.0 = Release|Any CPU
		{23B3624D-9D11-4302-9339-EFD19A1B4523}.Release|x86.ActiveCfg = Release|Any CPU
		{23B3624D-9D11-4302-9339-EFD19A1B4523}.Release|x86.Build.0 = Release|Any CPU
		{AB09BC90-B23D-4ABD-B039-C5A18FF522F6}.Debug|Any CPU.ActiveCfg = Debug|Any CPU
		{AB09BC90-B23D-4ABD-B039-C5A18FF522F6}.Debug|Any CPU.Build.0 = Debug|Any CPU
		{AB09BC90-B23D-4ABD-B039-C5A18FF522F6}.Debug|x64.ActiveCfg = Debug|Any CPU
		{AB09BC90-B23D-4ABD-B039-C5A18FF522F6}.Debug|x64.Build.0 = Debug|Any CPU
		{AB09BC90-B23D-4ABD-B039-C5A18FF522F6}.Debug|x86.ActiveCfg = Debug|Any CPU
		{AB09BC90-B23D-4ABD-B039-C5A18FF522F6}.Debug|x86.Build.0 = Debug|Any CPU
		{AB09BC90-B23D-4ABD-B039-C5A18FF522F6}.Release|Any CPU.ActiveCfg = Release|Any CPU
		{AB09BC90-B23D-4ABD-B039-C5A18FF522F6}.Release|Any CPU.Build.0 = Release|Any CPU
		{AB09BC90-B23D-4ABD-B039-C5A18FF522F6}.Release|x64.ActiveCfg = Release|Any CPU
		{AB09BC90-B23D-4ABD-B039-C5A18FF522F6}.Release|x64.Build.0 = Release|Any CPU
		{AB09BC90-B23D-4ABD-B039-C5A18FF522F6}.Release|x86.ActiveCfg = Release|Any CPU
		{AB09BC90-B23D-4ABD-B039-C5A18FF522F6}.Release|x86.Build.0 = Release|Any CPU
	EndGlobalSection
	GlobalSection(SolutionProperties) = preSolution
		HideSolutionNode = FALSE
	EndGlobalSection
	GlobalSection(ExtensibilityGlobals) = postSolution
		SolutionGuid = {7F08B8F4-AD26-4389-BBC8-781F18EEA88E}
	EndGlobalSection
EndGlobal
